
Microsoft Visual Studio Solution File, Format Version 12.00
# Visual Studio Version 17
VisualStudioVersion = 17.4.33110.190
MinimumVisualStudioVersion = 10.0.40219.1
Project("{FAE04EC0-301F-11D3-BF4B-00C04F79EFBC}") = "WebshopAPI", "WebshopAPI\WebshopAPI.csproj", "{C632E280-6861-4E87-8DAE-786C58803326}"
EndProject
Global
	GlobalSection(SolutionConfigurationPlatforms) = preSolution
		Debug|Any CPU = Debug|Any CPU
		Release|Any CPU = Release|Any CPU
	EndGlobalSection
	GlobalSection(ProjectConfigurationPlatforms) = postSolution
		{C632E280-6861-4E87-8DAE-786C58803326}.Debug|Any CPU.ActiveCfg = Debug|Any CPU
		{C632E280-6861-4E87-8DAE-786C58803326}.Debug|Any CPU.Build.0 = Debug|Any CPU
		{C632E280-6861-4E87-8DAE-786C58803326}.Release|Any CPU.ActiveCfg = Release|Any CPU
		{C632E280-6861-4E87-8DAE-786C58803326}.Release|Any CPU.Build.0 = Release|Any CPU
	EndGlobalSection
	GlobalSection(SolutionProperties) = preSolution
		HideSolutionNode = FALSE
	EndGlobalSection
	GlobalSection(ExtensibilityGlobals) = postSolution
		SolutionGuid = {A9127A14-B9EA-455E-9647-50209986A2E0}
	EndGlobalSection
EndGlobal
